
Microsoft Visual Studio Solution File, Format Version 12.00
# Visual Studio Version 16
VisualStudioVersion = 16.0.36631.11
MinimumVisualStudioVersion = 10.0.40219.1
Project("{E24C65DC-7377-472B-9ABA-BC803B73C61A}") = "somen sipna Crowdsourced Civic issue Reporting and Resolution System", ".", "{AF04C2DE-5ED8-4507-BF9F-B0359FFB618B}"
	ProjectSection(WebsiteProperties) = preProject
		TargetFrameworkMoniker = ".NETFramework,Version%3Dv4.0"
		Debug.AspNetCompiler.VirtualPath = "/localhost_52420"
		Debug.AspNetCompiler.PhysicalPath = "..\..\..\OneDrive\Desktop\somen sipna Crowdsourced Civic issue Reporting and Resolution System\"
		Debug.AspNetCompiler.TargetPath = "PrecompiledWeb\localhost_52420\"
		Debug.AspNetCompiler.Updateable = "true"
		Debug.AspNetCompiler.ForceOverwrite = "true"
		Debug.AspNetCompiler.FixedNames = "false"
		Debug.AspNetCompiler.Debug = "True"
		Release.AspNetCompiler.VirtualPath = "/localhost_52420"
		Release.AspNetCompiler.PhysicalPath = "..\..\..\OneDrive\Desktop\somen sipna Crowdsourced Civic issue Reporting and Resolution System\"
		Release.AspNetCompiler.TargetPath = "PrecompiledWeb\localhost_52420\"
		Release.AspNetCompiler.Updateable = "true"
		Release.AspNetCompiler.ForceOverwrite = "true"
		Release.AspNetCompiler.FixedNames = "false"
		Release.AspNetCompiler.Debug = "False"
		VWDPort = "52420"
	EndProjectSection
EndProject
Global
	GlobalSection(SolutionConfigurationPlatforms) = preSolution
		Debug|Any CPU = Debug|Any CPU
	EndGlobalSection
	GlobalSection(ProjectConfigurationPlatforms) = postSolution
		{AF04C2DE-5ED8-4507-BF9F-B0359FFB618B}.Debug|Any CPU.ActiveCfg = Debug|Any CPU
		{AF04C2DE-5ED8-4507-BF9F-B0359FFB618B}.Debug|Any CPU.Build.0 = Debug|Any CPU
	EndGlobalSection
	GlobalSection(SolutionProperties) = preSolution
		HideSolutionNode = FALSE
	EndGlobalSection
	GlobalSection(ExtensibilityGlobals) = postSolution
		SolutionGuid = {3CD8DC8A-F8EF-4C48-8142-8004FA88975F}
	EndGlobalSection
EndGlobal
