
Microsoft Visual Studio Solution File, Format Version 12.00
# Visual Studio Version 16
VisualStudioVersion = 16.0.35425.106
MinimumVisualStudioVersion = 10.0.40219.1
Project("{E24C65DC-7377-472B-9ABA-BC803B73C61A}") = "Crowdsourced Civic issue Reporting and Resolution System", ".", "{668CF698-19E4-4A6B-819D-3C67292E3498}"
	ProjectSection(WebsiteProperties) = preProject
		TargetFrameworkMoniker = ".NETFramework,Version%3Dv4.0"
		Debug.AspNetCompiler.VirtualPath = "/localhost_58128"
		Debug.AspNetCompiler.PhysicalPath = "..\Crowdsourced Civic issue Reporting and Resolution System\"
		Debug.AspNetCompiler.TargetPath = "PrecompiledWeb\localhost_58128\"
		Debug.AspNetCompiler.Updateable = "true"
		Debug.AspNetCompiler.ForceOverwrite = "true"
		Debug.AspNetCompiler.FixedNames = "false"
		Debug.AspNetCompiler.Debug = "True"
		Release.AspNetCompiler.VirtualPath = "/localhost_58128"
		Release.AspNetCompiler.PhysicalPath = "..\Crowdsourced Civic issue Reporting and Resolution System\"
		Release.AspNetCompiler.TargetPath = "PrecompiledWeb\localhost_58128\"
		Release.AspNetCompiler.Updateable = "true"
		Release.AspNetCompiler.ForceOverwrite = "true"
		Release.AspNetCompiler.FixedNames = "false"
		Release.AspNetCompiler.Debug = "False"
		VWDPort = "58128"
		SlnRelativePath = "..\Crowdsourced Civic issue Reporting and Resolution System\"
	EndProjectSection
EndProject
Global
	GlobalSection(SolutionConfigurationPlatforms) = preSolution
		Debug|Any CPU = Debug|Any CPU
	EndGlobalSection
	GlobalSection(ProjectConfigurationPlatforms) = postSolution
		{668CF698-19E4-4A6B-819D-3C67292E3498}.Debug|Any CPU.ActiveCfg = Debug|Any CPU
		{668CF698-19E4-4A6B-819D-3C67292E3498}.Debug|Any CPU.Build.0 = Debug|Any CPU
	EndGlobalSection
	GlobalSection(SolutionProperties) = preSolution
		HideSolutionNode = FALSE
	EndGlobalSection
	GlobalSection(ExtensibilityGlobals) = postSolution
		SolutionGuid = {DDA0BECA-9F4E-4F2C-AA9C-82B2DF99F4D6}
	EndGlobalSection
EndGlobal
